
Microsoft Visual Studio Solution File, Format Version 12.00
# Visual Studio Version 17
VisualStudioVersion = 17.2.32516.85
MinimumVisualStudioVersion = 10.0.40219.1
Project("{FAE04EC0-301F-11D3-BF4B-00C04F79EFBC}") = "ShlegelRfidReader", "ShlegelRfidReader\ShlegelRfidReader.csproj", "{7887C096-EC30-4F05-8D37-90C00E406097}"
EndProject
Global
	GlobalSection(SolutionConfigurationPlatforms) = preSolution
		Debug|Any CPU = Debug|Any CPU
		Release|Any CPU = Release|Any CPU
	EndGlobalSection
	GlobalSection(ProjectConfigurationPlatforms) = postSolution
		{7887C096-EC30-4F05-8D37-90C00E406097}.Debug|Any CPU.ActiveCfg = Debug|Any CPU
		{7887C096-EC30-4F05-8D37-90C00E406097}.Debug|Any CPU.Build.0 = Debug|Any CPU
		{7887C096-EC30-4F05-8D37-90C00E406097}.Release|Any CPU.ActiveCfg = Release|Any CPU
		{7887C096-EC30-4F05-8D37-90C00E406097}.Release|Any CPU.Build.0 = Release|Any CPU
	EndGlobalSection
	GlobalSection(SolutionProperties) = preSolution
		HideSolutionNode = FALSE
	EndGlobalSection
	GlobalSection(ExtensibilityGlobals) = postSolution
		SolutionGuid = {0F7AE679-B2B4-4DDC-A37B-ECC315E0607B}
	EndGlobalSection
EndGlobal
